
Microsoft Visual Studio Solution File, Format Version 12.00
# Visual Studio 15
VisualStudioVersion = 15.0.28307.438
MinimumVisualStudioVersion = 10.0.40219.1
Project("{FAE04EC0-301F-11D3-BF4B-00C04F79EFBC}") = "DEV-1.4", "DEV-1.4\DEV-1.4.csproj", "{234F49A2-3061-4BBA-AA21-AA189B8E0134}"
EndProject
Project("{FAE04EC0-301F-11D3-BF4B-00C04F79EFBC}") = "DEV-1.4_Tests", "DEV-1.4_Tests\DEV-1.4_Tests.csproj", "{C0839E99-B867-4931-B450-9385978ACFF4}"
EndProject
Global
	GlobalSection(SolutionConfigurationPlatforms) = preSolution
		Debug|Any CPU = Debug|Any CPU
		Release|Any CPU = Release|Any CPU
	EndGlobalSection
	GlobalSection(ProjectConfigurationPlatforms) = postSolution
		{234F49A2-3061-4BBA-AA21-AA189B8E0134}.Debug|Any CPU.ActiveCfg = Debug|Any CPU
		{234F49A2-3061-4BBA-AA21-AA189B8E0134}.Debug|Any CPU.Build.0 = Debug|Any CPU
		{234F49A2-3061-4BBA-AA21-AA189B8E0134}.Release|Any CPU.ActiveCfg = Release|Any CPU
		{234F49A2-3061-4BBA-AA21-AA189B8E0134}.Release|Any CPU.Build.0 = Release|Any CPU
		{C0839E99-B867-4931-B450-9385978ACFF4}.Debug|Any CPU.ActiveCfg = Debug|Any CPU
		{C0839E99-B867-4931-B450-9385978ACFF4}.Debug|Any CPU.Build.0 = Debug|Any CPU
		{C0839E99-B867-4931-B450-9385978ACFF4}.Release|Any CPU.ActiveCfg = Release|Any CPU
		{C0839E99-B867-4931-B450-9385978ACFF4}.Release|Any CPU.Build.0 = Release|Any CPU
	EndGlobalSection
	GlobalSection(SolutionProperties) = preSolution
		HideSolutionNode = FALSE
	EndGlobalSection
	GlobalSection(ExtensibilityGlobals) = postSolution
		SolutionGuid = {F4E2960C-FEB8-4D5D-BDF5-F1133D1D802C}
	EndGlobalSection
EndGlobal
