
Microsoft Visual Studio Solution File, Format Version 12.00
# Visual Studio 15
VisualStudioVersion = 15.0.28307.438
MinimumVisualStudioVersion = 10.0.40219.1
Project("{FAE04EC0-301F-11D3-BF4B-00C04F79EFBC}") = "CW-2", "CW-2\CW-2.csproj", "{9B606E3E-8D13-4D9C-88C4-1401EEB52093}"
EndProject
Global
	GlobalSection(SolutionConfigurationPlatforms) = preSolution
		Debug|Any CPU = Debug|Any CPU
		Release|Any CPU = Release|Any CPU
	EndGlobalSection
	GlobalSection(ProjectConfigurationPlatforms) = postSolution
		{9B606E3E-8D13-4D9C-88C4-1401EEB52093}.Debug|Any CPU.ActiveCfg = Debug|Any CPU
		{9B606E3E-8D13-4D9C-88C4-1401EEB52093}.Debug|Any CPU.Build.0 = Debug|Any CPU
		{9B606E3E-8D13-4D9C-88C4-1401EEB52093}.Release|Any CPU.ActiveCfg = Release|Any CPU
		{9B606E3E-8D13-4D9C-88C4-1401EEB52093}.Release|Any CPU.Build.0 = Release|Any CPU
	EndGlobalSection
	GlobalSection(SolutionProperties) = preSolution
		HideSolutionNode = FALSE
	EndGlobalSection
	GlobalSection(ExtensibilityGlobals) = postSolution
		SolutionGuid = {2D5698F9-60FB-4C43-AAE5-0F9EE89BEA4C}
	EndGlobalSection
EndGlobal
